
Microsoft Visual Studio Solution File, Format Version 12.00
# Visual Studio 15
VisualStudioVersion = 15.0.27703.2018
MinimumVisualStudioVersion = 10.0.40219.1
Project("{FAE04EC0-301F-11D3-BF4B-00C04F79EFBC}") = "CSharpPractice", "CSharpPractice\CSharpPractice.csproj", "{1B2880DA-1352-4CC6-AD89-E9C527E2F8A3}"
EndProject
Global
	GlobalSection(SolutionConfigurationPlatforms) = preSolution
		Debug|Any CPU = Debug|Any CPU
		Release|Any CPU = Release|Any CPU
	EndGlobalSection
	GlobalSection(ProjectConfigurationPlatforms) = postSolution
		{1B2880DA-1352-4CC6-AD89-E9C527E2F8A3}.Debug|Any CPU.ActiveCfg = Debug|Any CPU
		{1B2880DA-1352-4CC6-AD89-E9C527E2F8A3}.Debug|Any CPU.Build.0 = Debug|Any CPU
		{1B2880DA-1352-4CC6-AD89-E9C527E2F8A3}.Release|Any CPU.ActiveCfg = Release|Any CPU
		{1B2880DA-1352-4CC6-AD89-E9C527E2F8A3}.Release|Any CPU.Build.0 = Release|Any CPU
	EndGlobalSection
	GlobalSection(SolutionProperties) = preSolution
		HideSolutionNode = FALSE
	EndGlobalSection
	GlobalSection(ExtensibilityGlobals) = postSolution
		SolutionGuid = {66DCD94C-1050-4588-B1CB-B83676758B0A}
	EndGlobalSection
EndGlobal
